
Microsoft Visual Studio Solution File, Format Version 12.00
# Visual Studio Version 16
VisualStudioVersion = 16.0.30002.166
MinimumVisualStudioVersion = 10.0.40219.1
Project("{2150E333-8FDC-42A3-9474-1A3956D46DE8}") = "Solution Items", "Solution Items", "{6D133ED6-3BF1-4438-BE16-A69D4EA0FB6C}"
	ProjectSection(SolutionItems) = preProject
		.editorconfig = .editorconfig
		LICENSE.md = LICENSE.md
		README.md = README.md
	EndProjectSection
EndProject
Project("{2150E333-8FDC-42A3-9474-1A3956D46DE8}") = "Tests", "Tests", "{151E9BA3-E997-46E2-A91B-45095CDDFA5C}"
EndProject
Project("{9A19103F-16F7-4668-BE54-9A1E7A4F7556}") = "Stryxus.Lib", "Stryxus.Lib\Stryxus.Lib.csproj", "{BEFD3F36-9845-4A6F-B88B-FB360ABE9791}"
EndProject
Project("{9A19103F-16F7-4668-BE54-9A1E7A4F7556}") = "ArgumentHandlerTests", "Tests\ArgumentHandlerTests\ArgumentHandlerTests.csproj", "{CC577602-CEF2-41A0-AA89-1E99BE7C17FF}"
EndProject
Project("{9A19103F-16F7-4668-BE54-9A1E7A4F7556}") = "FileSystemTests", "Tests\FileSystemTests\FileSystemTests.csproj", "{0EC84906-6881-4FF6-902D-A22F918CB05F}"
EndProject
Project("{9A19103F-16F7-4668-BE54-9A1E7A4F7556}") = "LoggerTests", "Tests\LoggerTests\LoggerTests.csproj", "{18CC8431-0B8D-4A62-8757-91C2DB362602}"
EndProject
Global
	GlobalSection(SolutionConfigurationPlatforms) = preSolution
		Debug|Any CPU = Debug|Any CPU
		Debug|x64 = Debug|x64
		Release|Any CPU = Release|Any CPU
		Release|x64 = Release|x64
	EndGlobalSection
	GlobalSection(ProjectConfigurationPlatforms) = postSolution
		{BEFD3F36-9845-4A6F-B88B-FB360ABE9791}.Debug|Any CPU.ActiveCfg = Debug|Any CPU
		{BEFD3F36-9845-4A6F-B88B-FB360ABE9791}.Debug|Any CPU.Build.0 = Debug|Any CPU
		{BEFD3F36-9845-4A6F-B88B-FB360ABE9791}.Debug|x64.ActiveCfg = Debug|x64
		{BEFD3F36-9845-4A6F-B88B-FB360ABE9791}.Debug|x64.Build.0 = Debug|x64
		{BEFD3F36-9845-4A6F-B88B-FB360ABE9791}.Release|Any CPU.ActiveCfg = Release|x64
		{BEFD3F36-9845-4A6F-B88B-FB360ABE9791}.Release|x64.ActiveCfg = Release|x64
		{BEFD3F36-9845-4A6F-B88B-FB360ABE9791}.Release|x64.Build.0 = Release|x64
		{CC577602-CEF2-41A0-AA89-1E99BE7C17FF}.Debug|Any CPU.ActiveCfg = Debug|Any CPU
		{CC577602-CEF2-41A0-AA89-1E99BE7C17FF}.Debug|Any CPU.Build.0 = Debug|Any CPU
		{CC577602-CEF2-41A0-AA89-1E99BE7C17FF}.Debug|x64.ActiveCfg = Debug|x64
		{CC577602-CEF2-41A0-AA89-1E99BE7C17FF}.Debug|x64.Build.0 = Debug|x64
		{CC577602-CEF2-41A0-AA89-1E99BE7C17FF}.Release|Any CPU.ActiveCfg = Release|Any CPU
		{CC577602-CEF2-41A0-AA89-1E99BE7C17FF}.Release|Any CPU.Build.0 = Release|Any CPU
		{CC577602-CEF2-41A0-AA89-1E99BE7C17FF}.Release|x64.ActiveCfg = Release|x64
		{CC577602-CEF2-41A0-AA89-1E99BE7C17FF}.Release|x64.Build.0 = Release|x64
		{0EC84906-6881-4FF6-902D-A22F918CB05F}.Debug|Any CPU.ActiveCfg = Debug|Any CPU
		{0EC84906-6881-4FF6-902D-A22F918CB05F}.Debug|Any CPU.Build.0 = Debug|Any CPU
		{0EC84906-6881-4FF6-902D-A22F918CB05F}.Debug|x64.ActiveCfg = Debug|x64
		{0EC84906-6881-4FF6-902D-A22F918CB05F}.Debug|x64.Build.0 = Debug|x64
		{0EC84906-6881-4FF6-902D-A22F918CB05F}.Release|Any CPU.ActiveCfg = Release|Any CPU
		{0EC84906-6881-4FF6-902D-A22F918CB05F}.Release|Any CPU.Build.0 = Release|Any CPU
		{0EC84906-6881-4FF6-902D-A22F918CB05F}.Release|x64.ActiveCfg = Release|x64
		{0EC84906-6881-4FF6-902D-A22F918CB05F}.Release|x64.Build.0 = Release|x64
		{18CC8431-0B8D-4A62-8757-91C2DB362602}.Debug|Any CPU.ActiveCfg = Debug|Any CPU
		{18CC8431-0B8D-4A62-8757-91C2DB362602}.Debug|Any CPU.Build.0 = Debug|Any CPU
		{18CC8431-0B8D-4A62-8757-91C2DB362602}.Debug|x64.ActiveCfg = Debug|x64
		{18CC8431-0B8D-4A62-8757-91C2DB362602}.Debug|x64.Build.0 = Debug|x64
		{18CC8431-0B8D-4A62-8757-91C2DB362602}.Release|Any CPU.ActiveCfg = Release|Any CPU
		{18CC8431-0B8D-4A62-8757-91C2DB362602}.Release|Any CPU.Build.0 = Release|Any CPU
		{18CC8431-0B8D-4A62-8757-91C2DB362602}.Release|x64.ActiveCfg = Release|x64
		{18CC8431-0B8D-4A62-8757-91C2DB362602}.Release|x64.Build.0 = Release|x64
	EndGlobalSection
	GlobalSection(SolutionProperties) = preSolution
		HideSolutionNode = FALSE
	EndGlobalSection
	GlobalSection(NestedProjects) = preSolution
		{CC577602-CEF2-41A0-AA89-1E99BE7C17FF} = {151E9BA3-E997-46E2-A91B-45095CDDFA5C}
		{0EC84906-6881-4FF6-902D-A22F918CB05F} = {151E9BA3-E997-46E2-A91B-45095CDDFA5C}
		{18CC8431-0B8D-4A62-8757-91C2DB362602} = {151E9BA3-E997-46E2-A91B-45095CDDFA5C}
	EndGlobalSection
	GlobalSection(ExtensibilityGlobals) = postSolution
		SolutionGuid = {3B39B28A-F246-46E8-81CE-D03C613508C8}
	EndGlobalSection
EndGlobal
