
Microsoft Visual Studio Solution File, Format Version 12.00
# Visual Studio Version 16
VisualStudioVersion = 16.0.30002.166
MinimumVisualStudioVersion = 10.0.40219.1
Project("{2150E333-8FDC-42A3-9474-1A3956D46DE8}") = "Solution Items", "Solution Items", "{6D133ED6-3BF1-4438-BE16-A69D4EA0FB6C}"
	ProjectSection(SolutionItems) = preProject
		.editorconfig = .editorconfig
		LICENSE.md = LICENSE.md
		README.md = README.md
	EndProjectSection
EndProject
Project("{9A19103F-16F7-4668-BE54-9A1E7A4F7556}") = "Stryxus.Lib", "Stryxus.Lib\Stryxus.Lib.csproj", "{BEFD3F36-9845-4A6F-B88B-FB360ABE9791}"
EndProject
Project("{9A19103F-16F7-4668-BE54-9A1E7A4F7556}") = "Stryxus.Lib.AspNet", "Stryxus.Lib.AspNet\Stryxus.Lib.AspNet.csproj", "{1C502D6C-2F6E-4903-9F84-0969EE67FCC8}"
EndProject
Project("{9A19103F-16F7-4668-BE54-9A1E7A4F7556}") = "Stryxus.Lib.AspNet.WebAssembly", "Stryxus.Lib.AspNet.WebAssembly\Stryxus.Lib.AspNet.WebAssembly.csproj", "{24752C3E-9581-4A0D-9188-2DEE072F2E18}"
EndProject
Project("{D954291E-2A0B-460D-934E-DC6B0785DB48}") = "Stryxus.Lib.AspNet.Shared", "Stryxus.Lib.AspNet.Shared\Stryxus.Lib.AspNet.Shared.shproj", "{3725C8AD-6750-4C06-B2F6-2C07360EC315}"
EndProject
Project("{2150E333-8FDC-42A3-9474-1A3956D46DE8}") = "Dotnet", "Dotnet", "{97172CE4-52E1-42A8-A5CB-0640B8466DEC}"
EndProject
Project("{2150E333-8FDC-42A3-9474-1A3956D46DE8}") = "C-CPP", "C-CPP", "{B05D33AA-F962-4795-A970-FD01A0547B08}"
EndProject
Project("{8BC9CEB8-8B4A-11D0-8D11-00A0C91BC942}") = "Stryxus.Lib.C.Shared", "Stryxus.Lib.C.Shared\Stryxus.Lib.C.Shared.vcxitems", "{822B8655-3B59-4C1F-85C5-2E2BBB90E4AB}"
EndProject
Project("{2150E333-8FDC-42A3-9474-1A3956D46DE8}") = "Git", "Git", "{6FF9E9EC-601E-43B2-AE44-B2606F05B192}"
	ProjectSection(SolutionItems) = preProject
		.gitattributes = .gitattributes
		.gitignore = .gitignore
		.gitmodules = .gitmodules
	EndProjectSection
EndProject
Project("{2150E333-8FDC-42A3-9474-1A3956D46DE8}") = "Build", "Build", "{A4B285A1-4DE5-4C37-B85A-D5C8BBD1870A}"
	ProjectSection(SolutionItems) = preProject
		build.cmd = build.cmd
		CMakeLists.txt = CMakeLists.txt
	EndProjectSection
EndProject
Project("{2150E333-8FDC-42A3-9474-1A3956D46DE8}") = "Windows", "Windows", "{AFE55865-4052-4AD6-9F89-E76C47A86408}"
EndProject
Project("{2150E333-8FDC-42A3-9474-1A3956D46DE8}") = "Linux", "Linux", "{753A2635-F75B-4D58-A65A-436609B6278B}"
EndProject
Project("{8BC9CEB8-8B4A-11D0-8D11-00A0C91BC942}") = "Stryxus.Lib.C.NT", "Stryxus.Lib.C.NT\Stryxus.Lib.C.NT.vcxproj", "{5B40E76D-9FD3-416E-8849-14AD9A1D4E3A}"
EndProject
Project("{8BC9CEB8-8B4A-11D0-8D11-00A0C91BC942}") = "Stryxus.Lib.C.Linux", "Stryxus.Lib.C.Linux\Stryxus.Lib.C.Linux.vcxproj", "{51ABD250-FCB8-4973-BC8B-01F9CE2B0D25}"
EndProject
Project("{8BC9CEB8-8B4A-11D0-8D11-00A0C91BC942}") = "Stryxus.Lib.CPP.Linux", "Stryxus.Lib.CPP.Linux\Stryxus.Lib.CPP.Linux.vcxproj", "{ED561BDC-8F67-4138-947D-A27C9D8D610E}"
EndProject
Project("{8BC9CEB8-8B4A-11D0-8D11-00A0C91BC942}") = "Stryxus.Lib.CPP.NT", "Stryxus.Lib.CPP.NT\Stryxus.Lib.CPP.NT.vcxproj", "{7D5AEECA-1EED-44B6-B36C-C3D88A8530D0}"
EndProject
Project("{8BC9CEB8-8B4A-11D0-8D11-00A0C91BC942}") = "Stryxus.Lib.CPP.Shared", "Stryxus.Lib.CPP.Shared\Stryxus.Lib.CPP.Shared.vcxitems", "{A0EFA4C3-08E6-48F1-B256-F621EA5FF204}"
EndProject
Project("{2150E333-8FDC-42A3-9474-1A3956D46DE8}") = "Tests", "Tests", "{C005D93A-1DC6-4199-AAD5-E93121FA57A3}"
EndProject
Project("{2150E333-8FDC-42A3-9474-1A3956D46DE8}") = "C-CPP", "C-CPP", "{6590AF28-D01C-4230-9633-2ACDEF5AE58F}"
EndProject
Project("{2150E333-8FDC-42A3-9474-1A3956D46DE8}") = "Dotnet", "Dotnet", "{37000263-EB97-4184-A83C-0F1992EE3541}"
EndProject
Project("{8BC9CEB8-8B4A-11D0-8D11-00A0C91BC942}") = "Stryxus.Lib.Tests.C.Linux", "Stryxus.Lib.Tests.C.Linux\Stryxus.Lib.Tests.C.Linux.vcxproj", "{77CB82A9-FB06-4AE8-A7A3-CB6E79035E65}"
EndProject
Project("{8BC9CEB8-8B4A-11D0-8D11-00A0C91BC942}") = "Stryxus.Lib.Tests.CPP.Linux", "Stryxus.Lib.Tests.CPP.Linux\Stryxus.Lib.Tests.CPP.Linux.vcxproj", "{11E7EDAC-C527-4E54-88F4-33F1F14C95F7}"
EndProject
Project("{2150E333-8FDC-42A3-9474-1A3956D46DE8}") = "Linux", "Linux", "{180A8B25-D854-49FA-80C2-EB479D60EDD8}"
EndProject
Project("{2150E333-8FDC-42A3-9474-1A3956D46DE8}") = "Windows", "Windows", "{F07F70D5-A8E9-46E2-A005-71483F262AB6}"
EndProject
Project("{8BC9CEB8-8B4A-11D0-8D11-00A0C91BC942}") = "Stryxus.Lib.Tests.C.NT", "Stryxus.Lib.Tests.C.NT\Stryxus.Lib.Tests.C.NT.vcxproj", "{C2595FFC-37B5-4A95-AE08-F63785625462}"
EndProject
Project("{8BC9CEB8-8B4A-11D0-8D11-00A0C91BC942}") = "Stryxus.Lib.Tests.CPP.NT", "Stryxus.Lib.Tests.CPP.NT\Stryxus.Lib.Tests.CPP.NT.vcxproj", "{A519FC3E-127D-41D0-9DF7-7D2D08523135}"
EndProject
Global
	GlobalSection(SharedMSBuildProjectFiles) = preSolution
		Stryxus.Lib.CPP.Shared\Stryxus.Lib.CPP.Shared.vcxitems*{11e7edac-c527-4e54-88f4-33f1f14c95f7}*SharedItemsImports = 4
		Stryxus.Lib.AspNet.Shared\Stryxus.Lib.AspNet.Shared.projitems*{1c502d6c-2f6e-4903-9f84-0969ee67fcc8}*SharedItemsImports = 5
		Stryxus.Lib.AspNet.Shared\Stryxus.Lib.AspNet.Shared.projitems*{24752c3e-9581-4a0d-9188-2dee072f2e18}*SharedItemsImports = 5
		Stryxus.Lib.AspNet.Shared\Stryxus.Lib.AspNet.Shared.projitems*{3725c8ad-6750-4c06-b2f6-2c07360ec315}*SharedItemsImports = 13
		Stryxus.Lib.C.Shared\Stryxus.Lib.C.Shared.vcxitems*{51abd250-fcb8-4973-bc8b-01f9ce2b0d25}*SharedItemsImports = 4
		Stryxus.Lib.C.Shared\Stryxus.Lib.C.Shared.vcxitems*{5b40e76d-9fd3-416e-8849-14ad9a1d4e3a}*SharedItemsImports = 4
		Stryxus.Lib.CPP.Shared\Stryxus.Lib.CPP.Shared.vcxitems*{7d5aeeca-1eed-44b6-b36c-c3d88a8530d0}*SharedItemsImports = 4
		Stryxus.Lib.C.Shared\Stryxus.Lib.C.Shared.vcxitems*{822b8655-3b59-4c1f-85c5-2e2bbb90e4ab}*SharedItemsImports = 9
		Stryxus.Lib.CPP.Shared\Stryxus.Lib.CPP.Shared.vcxitems*{a0efa4c3-08e6-48f1-b256-f621ea5ff204}*SharedItemsImports = 9
		Stryxus.Lib.CPP.Shared\Stryxus.Lib.CPP.Shared.vcxitems*{a519fc3e-127d-41d0-9df7-7d2d08523135}*SharedItemsImports = 4
		Stryxus.Lib.CPP.Shared\Stryxus.Lib.CPP.Shared.vcxitems*{ed561bdc-8f67-4138-947d-a27c9d8d610e}*SharedItemsImports = 4
	EndGlobalSection
	GlobalSection(SolutionConfigurationPlatforms) = preSolution
		Debug|ARM = Debug|ARM
		Debug|ARM64 = Debug|ARM64
		Debug|x64 = Debug|x64
		Debug|x86 = Debug|x86
		Release|ARM = Release|ARM
		Release|ARM64 = Release|ARM64
		Release|x64 = Release|x64
		Release|x86 = Release|x86
	EndGlobalSection
	GlobalSection(ProjectConfigurationPlatforms) = postSolution
		{BEFD3F36-9845-4A6F-B88B-FB360ABE9791}.Debug|ARM.ActiveCfg = Debug|x64
		{BEFD3F36-9845-4A6F-B88B-FB360ABE9791}.Debug|ARM64.ActiveCfg = Debug|x64
		{BEFD3F36-9845-4A6F-B88B-FB360ABE9791}.Debug|x64.ActiveCfg = Debug|x64
		{BEFD3F36-9845-4A6F-B88B-FB360ABE9791}.Debug|x64.Build.0 = Debug|x64
		{BEFD3F36-9845-4A6F-B88B-FB360ABE9791}.Debug|x86.ActiveCfg = Debug|x64
		{BEFD3F36-9845-4A6F-B88B-FB360ABE9791}.Release|ARM.ActiveCfg = Release|x64
		{BEFD3F36-9845-4A6F-B88B-FB360ABE9791}.Release|ARM64.ActiveCfg = Release|x64
		{BEFD3F36-9845-4A6F-B88B-FB360ABE9791}.Release|x64.ActiveCfg = Release|x64
		{BEFD3F36-9845-4A6F-B88B-FB360ABE9791}.Release|x64.Build.0 = Release|x64
		{BEFD3F36-9845-4A6F-B88B-FB360ABE9791}.Release|x86.ActiveCfg = Release|x64
		{1C502D6C-2F6E-4903-9F84-0969EE67FCC8}.Debug|ARM.ActiveCfg = Debug|x64
		{1C502D6C-2F6E-4903-9F84-0969EE67FCC8}.Debug|ARM64.ActiveCfg = Debug|x64
		{1C502D6C-2F6E-4903-9F84-0969EE67FCC8}.Debug|x64.ActiveCfg = Debug|x64
		{1C502D6C-2F6E-4903-9F84-0969EE67FCC8}.Debug|x64.Build.0 = Debug|x64
		{1C502D6C-2F6E-4903-9F84-0969EE67FCC8}.Debug|x86.ActiveCfg = Debug|x64
		{1C502D6C-2F6E-4903-9F84-0969EE67FCC8}.Release|ARM.ActiveCfg = Release|x64
		{1C502D6C-2F6E-4903-9F84-0969EE67FCC8}.Release|ARM64.ActiveCfg = Release|x64
		{1C502D6C-2F6E-4903-9F84-0969EE67FCC8}.Release|x64.ActiveCfg = Release|x64
		{1C502D6C-2F6E-4903-9F84-0969EE67FCC8}.Release|x64.Build.0 = Release|x64
		{1C502D6C-2F6E-4903-9F84-0969EE67FCC8}.Release|x86.ActiveCfg = Release|x64
		{24752C3E-9581-4A0D-9188-2DEE072F2E18}.Debug|ARM.ActiveCfg = Debug|x64
		{24752C3E-9581-4A0D-9188-2DEE072F2E18}.Debug|ARM64.ActiveCfg = Debug|x64
		{24752C3E-9581-4A0D-9188-2DEE072F2E18}.Debug|x64.ActiveCfg = Debug|x64
		{24752C3E-9581-4A0D-9188-2DEE072F2E18}.Debug|x64.Build.0 = Debug|x64
		{24752C3E-9581-4A0D-9188-2DEE072F2E18}.Debug|x86.ActiveCfg = Debug|x64
		{24752C3E-9581-4A0D-9188-2DEE072F2E18}.Release|ARM.ActiveCfg = Release|x64
		{24752C3E-9581-4A0D-9188-2DEE072F2E18}.Release|ARM64.ActiveCfg = Release|x64
		{24752C3E-9581-4A0D-9188-2DEE072F2E18}.Release|x64.ActiveCfg = Release|x64
		{24752C3E-9581-4A0D-9188-2DEE072F2E18}.Release|x64.Build.0 = Release|x64
		{24752C3E-9581-4A0D-9188-2DEE072F2E18}.Release|x86.ActiveCfg = Release|x64
		{5B40E76D-9FD3-416E-8849-14AD9A1D4E3A}.Debug|ARM.ActiveCfg = Debug|Win32
		{5B40E76D-9FD3-416E-8849-14AD9A1D4E3A}.Debug|ARM64.ActiveCfg = Debug|Win32
		{5B40E76D-9FD3-416E-8849-14AD9A1D4E3A}.Debug|x64.ActiveCfg = Debug|x64
		{5B40E76D-9FD3-416E-8849-14AD9A1D4E3A}.Debug|x64.Build.0 = Debug|x64
		{5B40E76D-9FD3-416E-8849-14AD9A1D4E3A}.Debug|x86.ActiveCfg = Debug|Win32
		{5B40E76D-9FD3-416E-8849-14AD9A1D4E3A}.Debug|x86.Build.0 = Debug|Win32
		{5B40E76D-9FD3-416E-8849-14AD9A1D4E3A}.Release|ARM.ActiveCfg = Release|Win32
		{5B40E76D-9FD3-416E-8849-14AD9A1D4E3A}.Release|ARM64.ActiveCfg = Release|Win32
		{5B40E76D-9FD3-416E-8849-14AD9A1D4E3A}.Release|x64.ActiveCfg = Release|x64
		{5B40E76D-9FD3-416E-8849-14AD9A1D4E3A}.Release|x64.Build.0 = Release|x64
		{5B40E76D-9FD3-416E-8849-14AD9A1D4E3A}.Release|x86.ActiveCfg = Release|Win32
		{5B40E76D-9FD3-416E-8849-14AD9A1D4E3A}.Release|x86.Build.0 = Release|Win32
		{51ABD250-FCB8-4973-BC8B-01F9CE2B0D25}.Debug|ARM.ActiveCfg = Debug|ARM
		{51ABD250-FCB8-4973-BC8B-01F9CE2B0D25}.Debug|ARM.Build.0 = Debug|ARM
		{51ABD250-FCB8-4973-BC8B-01F9CE2B0D25}.Debug|ARM.Deploy.0 = Debug|ARM
		{51ABD250-FCB8-4973-BC8B-01F9CE2B0D25}.Debug|ARM64.ActiveCfg = Debug|ARM64
		{51ABD250-FCB8-4973-BC8B-01F9CE2B0D25}.Debug|ARM64.Build.0 = Debug|ARM64
		{51ABD250-FCB8-4973-BC8B-01F9CE2B0D25}.Debug|ARM64.Deploy.0 = Debug|ARM64
		{51ABD250-FCB8-4973-BC8B-01F9CE2B0D25}.Debug|x64.ActiveCfg = Debug|x64
		{51ABD250-FCB8-4973-BC8B-01F9CE2B0D25}.Debug|x64.Build.0 = Debug|x64
		{51ABD250-FCB8-4973-BC8B-01F9CE2B0D25}.Debug|x64.Deploy.0 = Debug|x64
		{51ABD250-FCB8-4973-BC8B-01F9CE2B0D25}.Debug|x86.ActiveCfg = Debug|x86
		{51ABD250-FCB8-4973-BC8B-01F9CE2B0D25}.Debug|x86.Build.0 = Debug|x86
		{51ABD250-FCB8-4973-BC8B-01F9CE2B0D25}.Debug|x86.Deploy.0 = Debug|x86
		{51ABD250-FCB8-4973-BC8B-01F9CE2B0D25}.Release|ARM.ActiveCfg = Release|ARM
		{51ABD250-FCB8-4973-BC8B-01F9CE2B0D25}.Release|ARM.Build.0 = Release|ARM
		{51ABD250-FCB8-4973-BC8B-01F9CE2B0D25}.Release|ARM.Deploy.0 = Release|ARM
		{51ABD250-FCB8-4973-BC8B-01F9CE2B0D25}.Release|ARM64.ActiveCfg = Release|ARM64
		{51ABD250-FCB8-4973-BC8B-01F9CE2B0D25}.Release|ARM64.Build.0 = Release|ARM64
		{51ABD250-FCB8-4973-BC8B-01F9CE2B0D25}.Release|ARM64.Deploy.0 = Release|ARM64
		{51ABD250-FCB8-4973-BC8B-01F9CE2B0D25}.Release|x64.ActiveCfg = Release|x64
		{51ABD250-FCB8-4973-BC8B-01F9CE2B0D25}.Release|x64.Build.0 = Release|x64
		{51ABD250-FCB8-4973-BC8B-01F9CE2B0D25}.Release|x64.Deploy.0 = Release|x64
		{51ABD250-FCB8-4973-BC8B-01F9CE2B0D25}.Release|x86.ActiveCfg = Release|x86
		{51ABD250-FCB8-4973-BC8B-01F9CE2B0D25}.Release|x86.Build.0 = Release|x86
		{51ABD250-FCB8-4973-BC8B-01F9CE2B0D25}.Release|x86.Deploy.0 = Release|x86
		{ED561BDC-8F67-4138-947D-A27C9D8D610E}.Debug|ARM.ActiveCfg = Debug|ARM
		{ED561BDC-8F67-4138-947D-A27C9D8D610E}.Debug|ARM.Build.0 = Debug|ARM
		{ED561BDC-8F67-4138-947D-A27C9D8D610E}.Debug|ARM.Deploy.0 = Debug|ARM
		{ED561BDC-8F67-4138-947D-A27C9D8D610E}.Debug|ARM64.ActiveCfg = Debug|ARM64
		{ED561BDC-8F67-4138-947D-A27C9D8D610E}.Debug|ARM64.Build.0 = Debug|ARM64
		{ED561BDC-8F67-4138-947D-A27C9D8D610E}.Debug|ARM64.Deploy.0 = Debug|ARM64
		{ED561BDC-8F67-4138-947D-A27C9D8D610E}.Debug|x64.ActiveCfg = Debug|x64
		{ED561BDC-8F67-4138-947D-A27C9D8D610E}.Debug|x64.Build.0 = Debug|x64
		{ED561BDC-8F67-4138-947D-A27C9D8D610E}.Debug|x64.Deploy.0 = Debug|x64
		{ED561BDC-8F67-4138-947D-A27C9D8D610E}.Debug|x86.ActiveCfg = Debug|x86
		{ED561BDC-8F67-4138-947D-A27C9D8D610E}.Debug|x86.Build.0 = Debug|x86
		{ED561BDC-8F67-4138-947D-A27C9D8D610E}.Debug|x86.Deploy.0 = Debug|x86
		{ED561BDC-8F67-4138-947D-A27C9D8D610E}.Release|ARM.ActiveCfg = Release|ARM
		{ED561BDC-8F67-4138-947D-A27C9D8D610E}.Release|ARM.Build.0 = Release|ARM
		{ED561BDC-8F67-4138-947D-A27C9D8D610E}.Release|ARM.Deploy.0 = Release|ARM
		{ED561BDC-8F67-4138-947D-A27C9D8D610E}.Release|ARM64.ActiveCfg = Release|ARM64
		{ED561BDC-8F67-4138-947D-A27C9D8D610E}.Release|ARM64.Build.0 = Release|ARM64
		{ED561BDC-8F67-4138-947D-A27C9D8D610E}.Release|ARM64.Deploy.0 = Release|ARM64
		{ED561BDC-8F67-4138-947D-A27C9D8D610E}.Release|x64.ActiveCfg = Release|x64
		{ED561BDC-8F67-4138-947D-A27C9D8D610E}.Release|x64.Build.0 = Release|x64
		{ED561BDC-8F67-4138-947D-A27C9D8D610E}.Release|x64.Deploy.0 = Release|x64
		{ED561BDC-8F67-4138-947D-A27C9D8D610E}.Release|x86.ActiveCfg = Release|x86
		{ED561BDC-8F67-4138-947D-A27C9D8D610E}.Release|x86.Build.0 = Release|x86
		{ED561BDC-8F67-4138-947D-A27C9D8D610E}.Release|x86.Deploy.0 = Release|x86
		{7D5AEECA-1EED-44B6-B36C-C3D88A8530D0}.Debug|ARM.ActiveCfg = Debug|Win32
		{7D5AEECA-1EED-44B6-B36C-C3D88A8530D0}.Debug|ARM64.ActiveCfg = Debug|Win32
		{7D5AEECA-1EED-44B6-B36C-C3D88A8530D0}.Debug|x64.ActiveCfg = Debug|x64
		{7D5AEECA-1EED-44B6-B36C-C3D88A8530D0}.Debug|x64.Build.0 = Debug|x64
		{7D5AEECA-1EED-44B6-B36C-C3D88A8530D0}.Debug|x86.ActiveCfg = Debug|Win32
		{7D5AEECA-1EED-44B6-B36C-C3D88A8530D0}.Debug|x86.Build.0 = Debug|Win32
		{7D5AEECA-1EED-44B6-B36C-C3D88A8530D0}.Release|ARM.ActiveCfg = Release|Win32
		{7D5AEECA-1EED-44B6-B36C-C3D88A8530D0}.Release|ARM64.ActiveCfg = Release|Win32
		{7D5AEECA-1EED-44B6-B36C-C3D88A8530D0}.Release|x64.ActiveCfg = Release|x64
		{7D5AEECA-1EED-44B6-B36C-C3D88A8530D0}.Release|x64.Build.0 = Release|x64
		{7D5AEECA-1EED-44B6-B36C-C3D88A8530D0}.Release|x86.ActiveCfg = Release|Win32
		{7D5AEECA-1EED-44B6-B36C-C3D88A8530D0}.Release|x86.Build.0 = Release|Win32
		{77CB82A9-FB06-4AE8-A7A3-CB6E79035E65}.Debug|ARM.ActiveCfg = Debug|ARM
		{77CB82A9-FB06-4AE8-A7A3-CB6E79035E65}.Debug|ARM.Build.0 = Debug|ARM
		{77CB82A9-FB06-4AE8-A7A3-CB6E79035E65}.Debug|ARM.Deploy.0 = Debug|ARM
		{77CB82A9-FB06-4AE8-A7A3-CB6E79035E65}.Debug|ARM64.ActiveCfg = Debug|ARM64
		{77CB82A9-FB06-4AE8-A7A3-CB6E79035E65}.Debug|ARM64.Build.0 = Debug|ARM64
		{77CB82A9-FB06-4AE8-A7A3-CB6E79035E65}.Debug|ARM64.Deploy.0 = Debug|ARM64
		{77CB82A9-FB06-4AE8-A7A3-CB6E79035E65}.Debug|x64.ActiveCfg = Debug|x64
		{77CB82A9-FB06-4AE8-A7A3-CB6E79035E65}.Debug|x64.Build.0 = Debug|x64
		{77CB82A9-FB06-4AE8-A7A3-CB6E79035E65}.Debug|x64.Deploy.0 = Debug|x64
		{77CB82A9-FB06-4AE8-A7A3-CB6E79035E65}.Debug|x86.ActiveCfg = Debug|x86
		{77CB82A9-FB06-4AE8-A7A3-CB6E79035E65}.Debug|x86.Build.0 = Debug|x86
		{77CB82A9-FB06-4AE8-A7A3-CB6E79035E65}.Debug|x86.Deploy.0 = Debug|x86
		{77CB82A9-FB06-4AE8-A7A3-CB6E79035E65}.Release|ARM.ActiveCfg = Release|ARM
		{77CB82A9-FB06-4AE8-A7A3-CB6E79035E65}.Release|ARM.Build.0 = Release|ARM
		{77CB82A9-FB06-4AE8-A7A3-CB6E79035E65}.Release|ARM.Deploy.0 = Release|ARM
		{77CB82A9-FB06-4AE8-A7A3-CB6E79035E65}.Release|ARM64.ActiveCfg = Release|ARM64
		{77CB82A9-FB06-4AE8-A7A3-CB6E79035E65}.Release|ARM64.Build.0 = Release|ARM64
		{77CB82A9-FB06-4AE8-A7A3-CB6E79035E65}.Release|ARM64.Deploy.0 = Release|ARM64
		{77CB82A9-FB06-4AE8-A7A3-CB6E79035E65}.Release|x64.ActiveCfg = Release|x64
		{77CB82A9-FB06-4AE8-A7A3-CB6E79035E65}.Release|x64.Build.0 = Release|x64
		{77CB82A9-FB06-4AE8-A7A3-CB6E79035E65}.Release|x64.Deploy.0 = Release|x64
		{77CB82A9-FB06-4AE8-A7A3-CB6E79035E65}.Release|x86.ActiveCfg = Release|x86
		{77CB82A9-FB06-4AE8-A7A3-CB6E79035E65}.Release|x86.Build.0 = Release|x86
		{77CB82A9-FB06-4AE8-A7A3-CB6E79035E65}.Release|x86.Deploy.0 = Release|x86
		{11E7EDAC-C527-4E54-88F4-33F1F14C95F7}.Debug|ARM.ActiveCfg = Debug|ARM
		{11E7EDAC-C527-4E54-88F4-33F1F14C95F7}.Debug|ARM.Build.0 = Debug|ARM
		{11E7EDAC-C527-4E54-88F4-33F1F14C95F7}.Debug|ARM.Deploy.0 = Debug|ARM
		{11E7EDAC-C527-4E54-88F4-33F1F14C95F7}.Debug|ARM64.ActiveCfg = Debug|ARM64
		{11E7EDAC-C527-4E54-88F4-33F1F14C95F7}.Debug|ARM64.Build.0 = Debug|ARM64
		{11E7EDAC-C527-4E54-88F4-33F1F14C95F7}.Debug|ARM64.Deploy.0 = Debug|ARM64
		{11E7EDAC-C527-4E54-88F4-33F1F14C95F7}.Debug|x64.ActiveCfg = Debug|x64
		{11E7EDAC-C527-4E54-88F4-33F1F14C95F7}.Debug|x64.Build.0 = Debug|x64
		{11E7EDAC-C527-4E54-88F4-33F1F14C95F7}.Debug|x64.Deploy.0 = Debug|x64
		{11E7EDAC-C527-4E54-88F4-33F1F14C95F7}.Debug|x86.ActiveCfg = Debug|x86
		{11E7EDAC-C527-4E54-88F4-33F1F14C95F7}.Debug|x86.Build.0 = Debug|x86
		{11E7EDAC-C527-4E54-88F4-33F1F14C95F7}.Debug|x86.Deploy.0 = Debug|x86
		{11E7EDAC-C527-4E54-88F4-33F1F14C95F7}.Release|ARM.ActiveCfg = Release|ARM
		{11E7EDAC-C527-4E54-88F4-33F1F14C95F7}.Release|ARM.Build.0 = Release|ARM
		{11E7EDAC-C527-4E54-88F4-33F1F14C95F7}.Release|ARM.Deploy.0 = Release|ARM
		{11E7EDAC-C527-4E54-88F4-33F1F14C95F7}.Release|ARM64.ActiveCfg = Release|ARM64
		{11E7EDAC-C527-4E54-88F4-33F1F14C95F7}.Release|ARM64.Build.0 = Release|ARM64
		{11E7EDAC-C527-4E54-88F4-33F1F14C95F7}.Release|ARM64.Deploy.0 = Release|ARM64
		{11E7EDAC-C527-4E54-88F4-33F1F14C95F7}.Release|x64.ActiveCfg = Release|x64
		{11E7EDAC-C527-4E54-88F4-33F1F14C95F7}.Release|x64.Build.0 = Release|x64
		{11E7EDAC-C527-4E54-88F4-33F1F14C95F7}.Release|x64.Deploy.0 = Release|x64
		{11E7EDAC-C527-4E54-88F4-33F1F14C95F7}.Release|x86.ActiveCfg = Release|x86
		{11E7EDAC-C527-4E54-88F4-33F1F14C95F7}.Release|x86.Build.0 = Release|x86
		{11E7EDAC-C527-4E54-88F4-33F1F14C95F7}.Release|x86.Deploy.0 = Release|x86
		{C2595FFC-37B5-4A95-AE08-F63785625462}.Debug|ARM.ActiveCfg = Debug|Win32
		{C2595FFC-37B5-4A95-AE08-F63785625462}.Debug|ARM64.ActiveCfg = Debug|Win32
		{C2595FFC-37B5-4A95-AE08-F63785625462}.Debug|x64.ActiveCfg = Debug|x64
		{C2595FFC-37B5-4A95-AE08-F63785625462}.Debug|x64.Build.0 = Debug|x64
		{C2595FFC-37B5-4A95-AE08-F63785625462}.Debug|x86.ActiveCfg = Debug|Win32
		{C2595FFC-37B5-4A95-AE08-F63785625462}.Debug|x86.Build.0 = Debug|Win32
		{C2595FFC-37B5-4A95-AE08-F63785625462}.Release|ARM.ActiveCfg = Release|Win32
		{C2595FFC-37B5-4A95-AE08-F63785625462}.Release|ARM64.ActiveCfg = Release|Win32
		{C2595FFC-37B5-4A95-AE08-F63785625462}.Release|x64.ActiveCfg = Release|x64
		{C2595FFC-37B5-4A95-AE08-F63785625462}.Release|x64.Build.0 = Release|x64
		{C2595FFC-37B5-4A95-AE08-F63785625462}.Release|x86.ActiveCfg = Release|Win32
		{C2595FFC-37B5-4A95-AE08-F63785625462}.Release|x86.Build.0 = Release|Win32
		{A519FC3E-127D-41D0-9DF7-7D2D08523135}.Debug|ARM.ActiveCfg = Debug|Win32
		{A519FC3E-127D-41D0-9DF7-7D2D08523135}.Debug|ARM64.ActiveCfg = Debug|Win32
		{A519FC3E-127D-41D0-9DF7-7D2D08523135}.Debug|x64.ActiveCfg = Debug|x64
		{A519FC3E-127D-41D0-9DF7-7D2D08523135}.Debug|x64.Build.0 = Debug|x64
		{A519FC3E-127D-41D0-9DF7-7D2D08523135}.Debug|x86.ActiveCfg = Debug|Win32
		{A519FC3E-127D-41D0-9DF7-7D2D08523135}.Debug|x86.Build.0 = Debug|Win32
		{A519FC3E-127D-41D0-9DF7-7D2D08523135}.Release|ARM.ActiveCfg = Release|Win32
		{A519FC3E-127D-41D0-9DF7-7D2D08523135}.Release|ARM64.ActiveCfg = Release|Win32
		{A519FC3E-127D-41D0-9DF7-7D2D08523135}.Release|x64.ActiveCfg = Release|x64
		{A519FC3E-127D-41D0-9DF7-7D2D08523135}.Release|x64.Build.0 = Release|x64
		{A519FC3E-127D-41D0-9DF7-7D2D08523135}.Release|x86.ActiveCfg = Release|Win32
		{A519FC3E-127D-41D0-9DF7-7D2D08523135}.Release|x86.Build.0 = Release|Win32
	EndGlobalSection
	GlobalSection(SolutionProperties) = preSolution
		HideSolutionNode = FALSE
	EndGlobalSection
	GlobalSection(NestedProjects) = preSolution
		{BEFD3F36-9845-4A6F-B88B-FB360ABE9791} = {97172CE4-52E1-42A8-A5CB-0640B8466DEC}
		{1C502D6C-2F6E-4903-9F84-0969EE67FCC8} = {97172CE4-52E1-42A8-A5CB-0640B8466DEC}
		{24752C3E-9581-4A0D-9188-2DEE072F2E18} = {97172CE4-52E1-42A8-A5CB-0640B8466DEC}
		{3725C8AD-6750-4C06-B2F6-2C07360EC315} = {97172CE4-52E1-42A8-A5CB-0640B8466DEC}
		{822B8655-3B59-4C1F-85C5-2E2BBB90E4AB} = {B05D33AA-F962-4795-A970-FD01A0547B08}
		{6FF9E9EC-601E-43B2-AE44-B2606F05B192} = {6D133ED6-3BF1-4438-BE16-A69D4EA0FB6C}
		{A4B285A1-4DE5-4C37-B85A-D5C8BBD1870A} = {6D133ED6-3BF1-4438-BE16-A69D4EA0FB6C}
		{AFE55865-4052-4AD6-9F89-E76C47A86408} = {B05D33AA-F962-4795-A970-FD01A0547B08}
		{753A2635-F75B-4D58-A65A-436609B6278B} = {B05D33AA-F962-4795-A970-FD01A0547B08}
		{5B40E76D-9FD3-416E-8849-14AD9A1D4E3A} = {AFE55865-4052-4AD6-9F89-E76C47A86408}
		{51ABD250-FCB8-4973-BC8B-01F9CE2B0D25} = {753A2635-F75B-4D58-A65A-436609B6278B}
		{ED561BDC-8F67-4138-947D-A27C9D8D610E} = {753A2635-F75B-4D58-A65A-436609B6278B}
		{7D5AEECA-1EED-44B6-B36C-C3D88A8530D0} = {AFE55865-4052-4AD6-9F89-E76C47A86408}
		{A0EFA4C3-08E6-48F1-B256-F621EA5FF204} = {B05D33AA-F962-4795-A970-FD01A0547B08}
		{6590AF28-D01C-4230-9633-2ACDEF5AE58F} = {C005D93A-1DC6-4199-AAD5-E93121FA57A3}
		{37000263-EB97-4184-A83C-0F1992EE3541} = {C005D93A-1DC6-4199-AAD5-E93121FA57A3}
		{77CB82A9-FB06-4AE8-A7A3-CB6E79035E65} = {180A8B25-D854-49FA-80C2-EB479D60EDD8}
		{11E7EDAC-C527-4E54-88F4-33F1F14C95F7} = {180A8B25-D854-49FA-80C2-EB479D60EDD8}
		{180A8B25-D854-49FA-80C2-EB479D60EDD8} = {6590AF28-D01C-4230-9633-2ACDEF5AE58F}
		{F07F70D5-A8E9-46E2-A005-71483F262AB6} = {6590AF28-D01C-4230-9633-2ACDEF5AE58F}
		{C2595FFC-37B5-4A95-AE08-F63785625462} = {F07F70D5-A8E9-46E2-A005-71483F262AB6}
		{A519FC3E-127D-41D0-9DF7-7D2D08523135} = {F07F70D5-A8E9-46E2-A005-71483F262AB6}
	EndGlobalSection
	GlobalSection(ExtensibilityGlobals) = postSolution
		SolutionGuid = {3B39B28A-F246-46E8-81CE-D03C613508C8}
	EndGlobalSection
EndGlobal
